
Microsoft Visual Studio Solution File, Format Version 12.00
# Visual Studio Version 16
VisualStudioVersion = 16.0.29920.165
MinimumVisualStudioVersion = 10.0.40219.1
Project("{FAE04EC0-301F-11D3-BF4B-00C04F79EFBC}") = "Calculadora", "Calculadora\Calculadora.csproj", "{F13CA02D-AE71-4B3A-8071-7BF6C201A69E}"
EndProject
Global
	GlobalSection(SolutionConfigurationPlatforms) = preSolution
		Debug|Any CPU = Debug|Any CPU
		Release|Any CPU = Release|Any CPU
	EndGlobalSection
	GlobalSection(ProjectConfigurationPlatforms) = postSolution
		{F13CA02D-AE71-4B3A-8071-7BF6C201A69E}.Debug|Any CPU.ActiveCfg = Debug|Any CPU
		{F13CA02D-AE71-4B3A-8071-7BF6C201A69E}.Debug|Any CPU.Build.0 = Debug|Any CPU
		{F13CA02D-AE71-4B3A-8071-7BF6C201A69E}.Release|Any CPU.ActiveCfg = Release|Any CPU
		{F13CA02D-AE71-4B3A-8071-7BF6C201A69E}.Release|Any CPU.Build.0 = Release|Any CPU
	EndGlobalSection
	GlobalSection(SolutionProperties) = preSolution
		HideSolutionNode = FALSE
	EndGlobalSection
	GlobalSection(ExtensibilityGlobals) = postSolution
		SolutionGuid = {D74FCB21-C2AD-4F28-B905-91ED05F4C6F4}
	EndGlobalSection
EndGlobal
